
Microsoft Visual Studio Solution File, Format Version 12.00
# Visual Studio 2013
VisualStudioVersion = 12.0.30723.0
MinimumVisualStudioVersion = 10.0.40219.1
Project("{FAE04EC0-301F-11D3-BF4B-00C04F79EFBC}") = "CFUploader.Core", "CFUploader\CFUploader.Core.csproj", "{57CF77B7-D95E-4EED-B492-C960609519E6}"
EndProject
Project("{FAE04EC0-301F-11D3-BF4B-00C04F79EFBC}") = "CFUploader.Win", "CFUploader.Win\CFUploader.Win.csproj", "{AF17343D-AB1B-4A8C-80E3-4E6B3D7C9E62}"
EndProject
Project("{2150E333-8FDC-42A3-9474-1A3956D46DE8}") = "Tests", "Tests", "{66359DDB-4453-4E3C-9416-75D79B5F6489}"
EndProject
Project("{FAE04EC0-301F-11D3-BF4B-00C04F79EFBC}") = "Mp3FileTest", "Mp3FileTest\Mp3FileTest.csproj", "{B565A856-1C84-4EE5-AEB2-75739078CFDA}"
EndProject
Project("{2150E333-8FDC-42A3-9474-1A3956D46DE8}") = "TempFiles", "TempFiles", "{EDAF00D3-681F-4674-8CA1-93057BA08CFE}"
EndProject
Project("{FAE04EC0-301F-11D3-BF4B-00C04F79EFBC}") = "TrackObjectTest", "TrackObjectTest\TrackObjectTest.csproj", "{D17A56A5-7989-4426-A26C-801E55E03422}"
EndProject
Project("{FAE04EC0-301F-11D3-BF4B-00C04F79EFBC}") = "NameFilterTest", "NameFilterTest\NameFilterTest.csproj", "{2CAE9D08-CEEC-41FA-80EB-B81B924CF8C6}"
EndProject
Global
	GlobalSection(SolutionConfigurationPlatforms) = preSolution
		Debug|Any CPU = Debug|Any CPU
		Release|Any CPU = Release|Any CPU
	EndGlobalSection
	GlobalSection(ProjectConfigurationPlatforms) = postSolution
		{57CF77B7-D95E-4EED-B492-C960609519E6}.Debug|Any CPU.ActiveCfg = Debug|Any CPU
		{57CF77B7-D95E-4EED-B492-C960609519E6}.Debug|Any CPU.Build.0 = Debug|Any CPU
		{57CF77B7-D95E-4EED-B492-C960609519E6}.Release|Any CPU.ActiveCfg = Release|Any CPU
		{57CF77B7-D95E-4EED-B492-C960609519E6}.Release|Any CPU.Build.0 = Release|Any CPU
		{AF17343D-AB1B-4A8C-80E3-4E6B3D7C9E62}.Debug|Any CPU.ActiveCfg = Debug|Any CPU
		{AF17343D-AB1B-4A8C-80E3-4E6B3D7C9E62}.Debug|Any CPU.Build.0 = Debug|Any CPU
		{AF17343D-AB1B-4A8C-80E3-4E6B3D7C9E62}.Release|Any CPU.ActiveCfg = Release|Any CPU
		{AF17343D-AB1B-4A8C-80E3-4E6B3D7C9E62}.Release|Any CPU.Build.0 = Release|Any CPU
		{B565A856-1C84-4EE5-AEB2-75739078CFDA}.Debug|Any CPU.ActiveCfg = Debug|Any CPU
		{B565A856-1C84-4EE5-AEB2-75739078CFDA}.Debug|Any CPU.Build.0 = Debug|Any CPU
		{B565A856-1C84-4EE5-AEB2-75739078CFDA}.Release|Any CPU.ActiveCfg = Release|Any CPU
		{B565A856-1C84-4EE5-AEB2-75739078CFDA}.Release|Any CPU.Build.0 = Release|Any CPU
		{D17A56A5-7989-4426-A26C-801E55E03422}.Debug|Any CPU.ActiveCfg = Debug|Any CPU
		{D17A56A5-7989-4426-A26C-801E55E03422}.Debug|Any CPU.Build.0 = Debug|Any CPU
		{D17A56A5-7989-4426-A26C-801E55E03422}.Release|Any CPU.ActiveCfg = Release|Any CPU
		{D17A56A5-7989-4426-A26C-801E55E03422}.Release|Any CPU.Build.0 = Release|Any CPU
		{2CAE9D08-CEEC-41FA-80EB-B81B924CF8C6}.Debug|Any CPU.ActiveCfg = Debug|Any CPU
		{2CAE9D08-CEEC-41FA-80EB-B81B924CF8C6}.Debug|Any CPU.Build.0 = Debug|Any CPU
		{2CAE9D08-CEEC-41FA-80EB-B81B924CF8C6}.Release|Any CPU.ActiveCfg = Release|Any CPU
		{2CAE9D08-CEEC-41FA-80EB-B81B924CF8C6}.Release|Any CPU.Build.0 = Release|Any CPU
	EndGlobalSection
	GlobalSection(SolutionProperties) = preSolution
		HideSolutionNode = FALSE
	EndGlobalSection
	GlobalSection(NestedProjects) = preSolution
		{B565A856-1C84-4EE5-AEB2-75739078CFDA} = {66359DDB-4453-4E3C-9416-75D79B5F6489}
		{D17A56A5-7989-4426-A26C-801E55E03422} = {66359DDB-4453-4E3C-9416-75D79B5F6489}
		{2CAE9D08-CEEC-41FA-80EB-B81B924CF8C6} = {66359DDB-4453-4E3C-9416-75D79B5F6489}
	EndGlobalSection
EndGlobal
